
Microsoft Visual Studio Solution File, Format Version 12.00
# Visual Studio Version 16
VisualStudioVersion = 16.0.30114.105
MinimumVisualStudioVersion = 10.0.40219.1
Project("{FAE04EC0-301F-11D3-BF4B-00C04F79EFBC}") = "IncDec", "IncDec\IncDec.csproj", "{5D2A036C-D3C7-4BBC-8A7F-980163CE71B6}"
EndProject
Project("{FAE04EC0-301F-11D3-BF4B-00C04F79EFBC}") = "OpInt", "OpInt\OpInt.csproj", "{D0D37AE8-3478-466F-88DB-0049580A1A1C}"
EndProject
Project("{FAE04EC0-301F-11D3-BF4B-00C04F79EFBC}") = "OpBool", "OpBool\OpBool.csproj", "{82585227-B51B-4304-A3A9-9EBCF91ABDF9}"
EndProject
Project("{FAE04EC0-301F-11D3-BF4B-00C04F79EFBC}") = "Cilindro", "Cilindro\Cilindro.csproj", "{0BAA8F10-BF3D-42AF-8DF9-5B38B11E2B3B}"
EndProject
Project("{FAE04EC0-301F-11D3-BF4B-00C04F79EFBC}") = "ValoresEspeciais", "ValoresEspeciais\ValoresEspeciais.csproj", "{D634E2D7-4F00-444C-9394-953F4BE574E5}"
EndProject
Project("{FAE04EC0-301F-11D3-BF4B-00C04F79EFBC}") = "IfExample", "IfExample\IfExample.csproj", "{204DF912-7895-44AE-B9D9-3628F958C20D}"
EndProject
Project("{FAE04EC0-301F-11D3-BF4B-00C04F79EFBC}") = "Skynet", "Skynet\Skynet.csproj", "{79B6CEAD-921C-4B27-AA88-576B6E105BD9}"
EndProject
Project("{FAE04EC0-301F-11D3-BF4B-00C04F79EFBC}") = "SkynetPatternSwitch", "SkynetPatternSwitch\SkynetPatternSwitch.csproj", "{2E7FE04D-5D60-47F7-AA5F-78747E2D71A2}"
EndProject
Project("{FAE04EC0-301F-11D3-BF4B-00C04F79EFBC}") = "BreakContinue", "BreakContinue\BreakContinue.csproj", "{A58190F4-AA1D-4974-8A86-A7916FCB82E9}"
EndProject
Project("{FAE04EC0-301F-11D3-BF4B-00C04F79EFBC}") = "ChatBot", "ChatBot\ChatBot.csproj", "{8C93DF61-C555-43D9-BF14-3B64A2A4C2AA}"
EndProject
Global
	GlobalSection(SolutionConfigurationPlatforms) = preSolution
		Debug|Any CPU = Debug|Any CPU
		Debug|x64 = Debug|x64
		Debug|x86 = Debug|x86
		Release|Any CPU = Release|Any CPU
		Release|x64 = Release|x64
		Release|x86 = Release|x86
	EndGlobalSection
	GlobalSection(SolutionProperties) = preSolution
		HideSolutionNode = FALSE
	EndGlobalSection
	GlobalSection(ProjectConfigurationPlatforms) = postSolution
		{5D2A036C-D3C7-4BBC-8A7F-980163CE71B6}.Debug|Any CPU.ActiveCfg = Debug|Any CPU
		{5D2A036C-D3C7-4BBC-8A7F-980163CE71B6}.Debug|Any CPU.Build.0 = Debug|Any CPU
		{5D2A036C-D3C7-4BBC-8A7F-980163CE71B6}.Debug|x64.ActiveCfg = Debug|Any CPU
		{5D2A036C-D3C7-4BBC-8A7F-980163CE71B6}.Debug|x64.Build.0 = Debug|Any CPU
		{5D2A036C-D3C7-4BBC-8A7F-980163CE71B6}.Debug|x86.ActiveCfg = Debug|Any CPU
		{5D2A036C-D3C7-4BBC-8A7F-980163CE71B6}.Debug|x86.Build.0 = Debug|Any CPU
		{5D2A036C-D3C7-4BBC-8A7F-980163CE71B6}.Release|Any CPU.ActiveCfg = Release|Any CPU
		{5D2A036C-D3C7-4BBC-8A7F-980163CE71B6}.Release|Any CPU.Build.0 = Release|Any CPU
		{5D2A036C-D3C7-4BBC-8A7F-980163CE71B6}.Release|x64.ActiveCfg = Release|Any CPU
		{5D2A036C-D3C7-4BBC-8A7F-980163CE71B6}.Release|x64.Build.0 = Release|Any CPU
		{5D2A036C-D3C7-4BBC-8A7F-980163CE71B6}.Release|x86.ActiveCfg = Release|Any CPU
		{5D2A036C-D3C7-4BBC-8A7F-980163CE71B6}.Release|x86.Build.0 = Release|Any CPU
		{D0D37AE8-3478-466F-88DB-0049580A1A1C}.Debug|Any CPU.ActiveCfg = Debug|Any CPU
		{D0D37AE8-3478-466F-88DB-0049580A1A1C}.Debug|Any CPU.Build.0 = Debug|Any CPU
		{D0D37AE8-3478-466F-88DB-0049580A1A1C}.Debug|x64.ActiveCfg = Debug|Any CPU
		{D0D37AE8-3478-466F-88DB-0049580A1A1C}.Debug|x64.Build.0 = Debug|Any CPU
		{D0D37AE8-3478-466F-88DB-0049580A1A1C}.Debug|x86.ActiveCfg = Debug|Any CPU
		{D0D37AE8-3478-466F-88DB-0049580A1A1C}.Debug|x86.Build.0 = Debug|Any CPU
		{D0D37AE8-3478-466F-88DB-0049580A1A1C}.Release|Any CPU.ActiveCfg = Release|Any CPU
		{D0D37AE8-3478-466F-88DB-0049580A1A1C}.Release|Any CPU.Build.0 = Release|Any CPU
		{D0D37AE8-3478-466F-88DB-0049580A1A1C}.Release|x64.ActiveCfg = Release|Any CPU
		{D0D37AE8-3478-466F-88DB-0049580A1A1C}.Release|x64.Build.0 = Release|Any CPU
		{D0D37AE8-3478-466F-88DB-0049580A1A1C}.Release|x86.ActiveCfg = Release|Any CPU
		{D0D37AE8-3478-466F-88DB-0049580A1A1C}.Release|x86.Build.0 = Release|Any CPU
		{82585227-B51B-4304-A3A9-9EBCF91ABDF9}.Debug|Any CPU.ActiveCfg = Debug|Any CPU
		{82585227-B51B-4304-A3A9-9EBCF91ABDF9}.Debug|Any CPU.Build.0 = Debug|Any CPU
		{82585227-B51B-4304-A3A9-9EBCF91ABDF9}.Debug|x64.ActiveCfg = Debug|Any CPU
		{82585227-B51B-4304-A3A9-9EBCF91ABDF9}.Debug|x64.Build.0 = Debug|Any CPU
		{82585227-B51B-4304-A3A9-9EBCF91ABDF9}.Debug|x86.ActiveCfg = Debug|Any CPU
		{82585227-B51B-4304-A3A9-9EBCF91ABDF9}.Debug|x86.Build.0 = Debug|Any CPU
		{82585227-B51B-4304-A3A9-9EBCF91ABDF9}.Release|Any CPU.ActiveCfg = Release|Any CPU
		{82585227-B51B-4304-A3A9-9EBCF91ABDF9}.Release|Any CPU.Build.0 = Release|Any CPU
		{82585227-B51B-4304-A3A9-9EBCF91ABDF9}.Release|x64.ActiveCfg = Release|Any CPU
		{82585227-B51B-4304-A3A9-9EBCF91ABDF9}.Release|x64.Build.0 = Release|Any CPU
		{82585227-B51B-4304-A3A9-9EBCF91ABDF9}.Release|x86.ActiveCfg = Release|Any CPU
		{82585227-B51B-4304-A3A9-9EBCF91ABDF9}.Release|x86.Build.0 = Release|Any CPU
		{0BAA8F10-BF3D-42AF-8DF9-5B38B11E2B3B}.Debug|Any CPU.ActiveCfg = Debug|Any CPU
		{0BAA8F10-BF3D-42AF-8DF9-5B38B11E2B3B}.Debug|Any CPU.Build.0 = Debug|Any CPU
		{0BAA8F10-BF3D-42AF-8DF9-5B38B11E2B3B}.Debug|x64.ActiveCfg = Debug|Any CPU
		{0BAA8F10-BF3D-42AF-8DF9-5B38B11E2B3B}.Debug|x64.Build.0 = Debug|Any CPU
		{0BAA8F10-BF3D-42AF-8DF9-5B38B11E2B3B}.Debug|x86.ActiveCfg = Debug|Any CPU
		{0BAA8F10-BF3D-42AF-8DF9-5B38B11E2B3B}.Debug|x86.Build.0 = Debug|Any CPU
		{0BAA8F10-BF3D-42AF-8DF9-5B38B11E2B3B}.Release|Any CPU.ActiveCfg = Release|Any CPU
		{0BAA8F10-BF3D-42AF-8DF9-5B38B11E2B3B}.Release|Any CPU.Build.0 = Release|Any CPU
		{0BAA8F10-BF3D-42AF-8DF9-5B38B11E2B3B}.Release|x64.ActiveCfg = Release|Any CPU
		{0BAA8F10-BF3D-42AF-8DF9-5B38B11E2B3B}.Release|x64.Build.0 = Release|Any CPU
		{0BAA8F10-BF3D-42AF-8DF9-5B38B11E2B3B}.Release|x86.ActiveCfg = Release|Any CPU
		{0BAA8F10-BF3D-42AF-8DF9-5B38B11E2B3B}.Release|x86.Build.0 = Release|Any CPU
		{D634E2D7-4F00-444C-9394-953F4BE574E5}.Debug|Any CPU.ActiveCfg = Debug|Any CPU
		{D634E2D7-4F00-444C-9394-953F4BE574E5}.Debug|Any CPU.Build.0 = Debug|Any CPU
		{D634E2D7-4F00-444C-9394-953F4BE574E5}.Debug|x64.ActiveCfg = Debug|Any CPU
		{D634E2D7-4F00-444C-9394-953F4BE574E5}.Debug|x64.Build.0 = Debug|Any CPU
		{D634E2D7-4F00-444C-9394-953F4BE574E5}.Debug|x86.ActiveCfg = Debug|Any CPU
		{D634E2D7-4F00-444C-9394-953F4BE574E5}.Debug|x86.Build.0 = Debug|Any CPU
		{D634E2D7-4F00-444C-9394-953F4BE574E5}.Release|Any CPU.ActiveCfg = Release|Any CPU
		{D634E2D7-4F00-444C-9394-953F4BE574E5}.Release|Any CPU.Build.0 = Release|Any CPU
		{D634E2D7-4F00-444C-9394-953F4BE574E5}.Release|x64.ActiveCfg = Release|Any CPU
		{D634E2D7-4F00-444C-9394-953F4BE574E5}.Release|x64.Build.0 = Release|Any CPU
		{D634E2D7-4F00-444C-9394-953F4BE574E5}.Release|x86.ActiveCfg = Release|Any CPU
		{D634E2D7-4F00-444C-9394-953F4BE574E5}.Release|x86.Build.0 = Release|Any CPU
		{204DF912-7895-44AE-B9D9-3628F958C20D}.Debug|Any CPU.ActiveCfg = Debug|Any CPU
		{204DF912-7895-44AE-B9D9-3628F958C20D}.Debug|Any CPU.Build.0 = Debug|Any CPU
		{204DF912-7895-44AE-B9D9-3628F958C20D}.Debug|x64.ActiveCfg = Debug|Any CPU
		{204DF912-7895-44AE-B9D9-3628F958C20D}.Debug|x64.Build.0 = Debug|Any CPU
		{204DF912-7895-44AE-B9D9-3628F958C20D}.Debug|x86.ActiveCfg = Debug|Any CPU
		{204DF912-7895-44AE-B9D9-3628F958C20D}.Debug|x86.Build.0 = Debug|Any CPU
		{204DF912-7895-44AE-B9D9-3628F958C20D}.Release|Any CPU.ActiveCfg = Release|Any CPU
		{204DF912-7895-44AE-B9D9-3628F958C20D}.Release|Any CPU.Build.0 = Release|Any CPU
		{204DF912-7895-44AE-B9D9-3628F958C20D}.Release|x64.ActiveCfg = Release|Any CPU
		{204DF912-7895-44AE-B9D9-3628F958C20D}.Release|x64.Build.0 = Release|Any CPU
		{204DF912-7895-44AE-B9D9-3628F958C20D}.Release|x86.ActiveCfg = Release|Any CPU
		{204DF912-7895-44AE-B9D9-3628F958C20D}.Release|x86.Build.0 = Release|Any CPU
		{79B6CEAD-921C-4B27-AA88-576B6E105BD9}.Debug|Any CPU.ActiveCfg = Debug|Any CPU
		{79B6CEAD-921C-4B27-AA88-576B6E105BD9}.Debug|Any CPU.Build.0 = Debug|Any CPU
		{79B6CEAD-921C-4B27-AA88-576B6E105BD9}.Debug|x64.ActiveCfg = Debug|Any CPU
		{79B6CEAD-921C-4B27-AA88-576B6E105BD9}.Debug|x64.Build.0 = Debug|Any CPU
		{79B6CEAD-921C-4B27-AA88-576B6E105BD9}.Debug|x86.ActiveCfg = Debug|Any CPU
		{79B6CEAD-921C-4B27-AA88-576B6E105BD9}.Debug|x86.Build.0 = Debug|Any CPU
		{79B6CEAD-921C-4B27-AA88-576B6E105BD9}.Release|Any CPU.ActiveCfg = Release|Any CPU
		{79B6CEAD-921C-4B27-AA88-576B6E105BD9}.Release|Any CPU.Build.0 = Release|Any CPU
		{79B6CEAD-921C-4B27-AA88-576B6E105BD9}.Release|x64.ActiveCfg = Release|Any CPU
		{79B6CEAD-921C-4B27-AA88-576B6E105BD9}.Release|x64.Build.0 = Release|Any CPU
		{79B6CEAD-921C-4B27-AA88-576B6E105BD9}.Release|x86.ActiveCfg = Release|Any CPU
		{79B6CEAD-921C-4B27-AA88-576B6E105BD9}.Release|x86.Build.0 = Release|Any CPU
		{2E7FE04D-5D60-47F7-AA5F-78747E2D71A2}.Debug|Any CPU.ActiveCfg = Debug|Any CPU
		{2E7FE04D-5D60-47F7-AA5F-78747E2D71A2}.Debug|Any CPU.Build.0 = Debug|Any CPU
		{2E7FE04D-5D60-47F7-AA5F-78747E2D71A2}.Debug|x64.ActiveCfg = Debug|Any CPU
		{2E7FE04D-5D60-47F7-AA5F-78747E2D71A2}.Debug|x64.Build.0 = Debug|Any CPU
		{2E7FE04D-5D60-47F7-AA5F-78747E2D71A2}.Debug|x86.ActiveCfg = Debug|Any CPU
		{2E7FE04D-5D60-47F7-AA5F-78747E2D71A2}.Debug|x86.Build.0 = Debug|Any CPU
		{2E7FE04D-5D60-47F7-AA5F-78747E2D71A2}.Release|Any CPU.ActiveCfg = Release|Any CPU
		{2E7FE04D-5D60-47F7-AA5F-78747E2D71A2}.Release|Any CPU.Build.0 = Release|Any CPU
		{2E7FE04D-5D60-47F7-AA5F-78747E2D71A2}.Release|x64.ActiveCfg = Release|Any CPU
		{2E7FE04D-5D60-47F7-AA5F-78747E2D71A2}.Release|x64.Build.0 = Release|Any CPU
		{2E7FE04D-5D60-47F7-AA5F-78747E2D71A2}.Release|x86.ActiveCfg = Release|Any CPU
		{2E7FE04D-5D60-47F7-AA5F-78747E2D71A2}.Release|x86.Build.0 = Release|Any CPU
		{A58190F4-AA1D-4974-8A86-A7916FCB82E9}.Debug|Any CPU.ActiveCfg = Debug|Any CPU
		{A58190F4-AA1D-4974-8A86-A7916FCB82E9}.Debug|Any CPU.Build.0 = Debug|Any CPU
		{A58190F4-AA1D-4974-8A86-A7916FCB82E9}.Debug|x64.ActiveCfg = Debug|Any CPU
		{A58190F4-AA1D-4974-8A86-A7916FCB82E9}.Debug|x64.Build.0 = Debug|Any CPU
		{A58190F4-AA1D-4974-8A86-A7916FCB82E9}.Debug|x86.ActiveCfg = Debug|Any CPU
		{A58190F4-AA1D-4974-8A86-A7916FCB82E9}.Debug|x86.Build.0 = Debug|Any CPU
		{A58190F4-AA1D-4974-8A86-A7916FCB82E9}.Release|Any CPU.ActiveCfg = Release|Any CPU
		{A58190F4-AA1D-4974-8A86-A7916FCB82E9}.Release|Any CPU.Build.0 = Release|Any CPU
		{A58190F4-AA1D-4974-8A86-A7916FCB82E9}.Release|x64.ActiveCfg = Release|Any CPU
		{A58190F4-AA1D-4974-8A86-A7916FCB82E9}.Release|x64.Build.0 = Release|Any CPU
		{A58190F4-AA1D-4974-8A86-A7916FCB82E9}.Release|x86.ActiveCfg = Release|Any CPU
		{A58190F4-AA1D-4974-8A86-A7916FCB82E9}.Release|x86.Build.0 = Release|Any CPU
		{8C93DF61-C555-43D9-BF14-3B64A2A4C2AA}.Debug|Any CPU.ActiveCfg = Debug|Any CPU
		{8C93DF61-C555-43D9-BF14-3B64A2A4C2AA}.Debug|Any CPU.Build.0 = Debug|Any CPU
		{8C93DF61-C555-43D9-BF14-3B64A2A4C2AA}.Debug|x64.ActiveCfg = Debug|Any CPU
		{8C93DF61-C555-43D9-BF14-3B64A2A4C2AA}.Debug|x64.Build.0 = Debug|Any CPU
		{8C93DF61-C555-43D9-BF14-3B64A2A4C2AA}.Debug|x86.ActiveCfg = Debug|Any CPU
		{8C93DF61-C555-43D9-BF14-3B64A2A4C2AA}.Debug|x86.Build.0 = Debug|Any CPU
		{8C93DF61-C555-43D9-BF14-3B64A2A4C2AA}.Release|Any CPU.ActiveCfg = Release|Any CPU
		{8C93DF61-C555-43D9-BF14-3B64A2A4C2AA}.Release|Any CPU.Build.0 = Release|Any CPU
		{8C93DF61-C555-43D9-BF14-3B64A2A4C2AA}.Release|x64.ActiveCfg = Release|Any CPU
		{8C93DF61-C555-43D9-BF14-3B64A2A4C2AA}.Release|x64.Build.0 = Release|Any CPU
		{8C93DF61-C555-43D9-BF14-3B64A2A4C2AA}.Release|x86.ActiveCfg = Release|Any CPU
		{8C93DF61-C555-43D9-BF14-3B64A2A4C2AA}.Release|x86.Build.0 = Release|Any CPU
	EndGlobalSection
EndGlobal
